
Microsoft Visual Studio Solution File, Format Version 12.00
# Visual Studio Version 17
VisualStudioVersion = 17.4.33205.214
MinimumVisualStudioVersion = 10.0.40219.1
Project("{9A19103F-16F7-4668-BE54-9A1E7A4F7556}") = "ProfileSimulator.Api", "ProfileSimulator.Api\ProfileSimulator.Api.csproj", "{4F7039F2-A114-44AB-AAB4-DD7134D28E7C}"
EndProject
Global
	GlobalSection(SolutionConfigurationPlatforms) = preSolution
		Debug|Any CPU = Debug|Any CPU
		Release|Any CPU = Release|Any CPU
	EndGlobalSection
	GlobalSection(ProjectConfigurationPlatforms) = postSolution
		{4F7039F2-A114-44AB-AAB4-DD7134D28E7C}.Debug|Any CPU.ActiveCfg = Debug|Any CPU
		{4F7039F2-A114-44AB-AAB4-DD7134D28E7C}.Debug|Any CPU.Build.0 = Debug|Any CPU
		{4F7039F2-A114-44AB-AAB4-DD7134D28E7C}.Release|Any CPU.ActiveCfg = Release|Any CPU
		{4F7039F2-A114-44AB-AAB4-DD7134D28E7C}.Release|Any CPU.Build.0 = Release|Any CPU
	EndGlobalSection
	GlobalSection(SolutionProperties) = preSolution
		HideSolutionNode = FALSE
	EndGlobalSection
	GlobalSection(ExtensibilityGlobals) = postSolution
		SolutionGuid = {7C840472-AC50-4FDB-B5AA-AF472EEA7EC7}
	EndGlobalSection
EndGlobal
